
Microsoft Visual Studio Solution File, Format Version 12.00
# Visual Studio 15
VisualStudioVersion = 15.0.27703.2042
MinimumVisualStudioVersion = 10.0.40219.1
Project("{9A19103F-16F7-4668-BE54-9A1E7A4F7556}") = "Gaois.QueryLogger", "src\Gaois.QueryLogger\Gaois.QueryLogger.csproj", "{FBF9467C-4102-467C-9A16-9055086456D2}"
EndProject
Project("{9A19103F-16F7-4668-BE54-9A1E7A4F7556}") = "Gaois.QueryLogger.AspNetCore", "src\Gaois.QueryLogger.AspNetCore\Gaois.QueryLogger.AspNetCore.csproj", "{210C7ECC-6953-4BFF-8106-D239EDF46767}"
EndProject
Global
	GlobalSection(SolutionConfigurationPlatforms) = preSolution
		Debug|Any CPU = Debug|Any CPU
		Release|Any CPU = Release|Any CPU
	EndGlobalSection
	GlobalSection(ProjectConfigurationPlatforms) = postSolution
		{FBF9467C-4102-467C-9A16-9055086456D2}.Debug|Any CPU.ActiveCfg = Debug|Any CPU
		{FBF9467C-4102-467C-9A16-9055086456D2}.Debug|Any CPU.Build.0 = Debug|Any CPU
		{FBF9467C-4102-467C-9A16-9055086456D2}.Release|Any CPU.ActiveCfg = Release|Any CPU
		{FBF9467C-4102-467C-9A16-9055086456D2}.Release|Any CPU.Build.0 = Release|Any CPU
		{210C7ECC-6953-4BFF-8106-D239EDF46767}.Debug|Any CPU.ActiveCfg = Debug|Any CPU
		{210C7ECC-6953-4BFF-8106-D239EDF46767}.Debug|Any CPU.Build.0 = Debug|Any CPU
		{210C7ECC-6953-4BFF-8106-D239EDF46767}.Release|Any CPU.ActiveCfg = Release|Any CPU
		{210C7ECC-6953-4BFF-8106-D239EDF46767}.Release|Any CPU.Build.0 = Release|Any CPU
	EndGlobalSection
	GlobalSection(SolutionProperties) = preSolution
		HideSolutionNode = FALSE
	EndGlobalSection
	GlobalSection(ExtensibilityGlobals) = postSolution
		SolutionGuid = {67E6BEFC-DEA8-45AA-98D7-A5234B4C91ED}
	EndGlobalSection
EndGlobal
